
Microsoft Visual Studio Solution File, Format Version 12.00
# Visual Studio Version 17
VisualStudioVersion = 17.9.34728.123
MinimumVisualStudioVersion = 10.0.40219.1
Project("{9A19103F-16F7-4668-BE54-9A1E7A4F7556}") = "GeradorDeTestes.WinApp", "GeradorDeTestes.WinApp\GeradorDeTestes.WinApp.csproj", "{D470B29C-0E8A-4855-B304-1A3F71F6ECDF}"
EndProject
Project("{2150E333-8FDC-42A3-9474-1A3956D46DE8}") = "1.View", "1.View", "{36FF25E5-02D3-46A3-BD80-1DA365727664}"
EndProject
Project("{2150E333-8FDC-42A3-9474-1A3956D46DE8}") = "2.Domain", "2.Domain", "{35C000C4-7451-4642-A638-02F4B67BCDEA}"
EndProject
Project("{2150E333-8FDC-42A3-9474-1A3956D46DE8}") = "3.Infrestructure", "3.Infrestructure", "{07F9F48A-788C-4B40-9EE0-82D6538C6C68}"
EndProject
Project("{FAE04EC0-301F-11D3-BF4B-00C04F79EFBC}") = "GeradorDeTestes.Domain", "GeradorDeTestes.Domain\GeradorDeTestes.Domain.csproj", "{7B914FEA-034F-4BA2-92A5-B9D769EE3368}"
EndProject
Project("{2150E333-8FDC-42A3-9474-1A3956D46DE8}") = "3.1 Arquivos", "3.1 Arquivos", "{C91D9840-E04A-48EA-B061-78949F2A841C}"
EndProject
Project("{2150E333-8FDC-42A3-9474-1A3956D46DE8}") = "3.2 SQL", "3.2 SQL", "{474BE9B7-010D-4163-9714-6E60D33612CE}"
EndProject
Project("{2150E333-8FDC-42A3-9474-1A3956D46DE8}") = "3.3 Memória", "3.3 Memória", "{5915912F-5724-4334-A913-59ED8E6B0335}"
EndProject
Project("{FAE04EC0-301F-11D3-BF4B-00C04F79EFBC}") = "GeradorDeTestes.Infra.Arquivos", "GeradorDeTestes.infra.Arquivos\GeradorDeTestes.Infra.Arquivos.csproj", "{69C27FA8-9072-4151-98F5-19A4867A0DAC}"
EndProject
Project("{FAE04EC0-301F-11D3-BF4B-00C04F79EFBC}") = "GeradorDeTestes.Infra.SQL", "GeradorDeTestes.Infra.SQL\GeradorDeTestes.Infra.SQL.csproj", "{3F8E19C1-1953-4E3B-BF33-57E9102FB879}"
EndProject
Project("{FAE04EC0-301F-11D3-BF4B-00C04F79EFBC}") = "GeradorDeTestes.Infra.Memória", "GeradorDeTestes.Infra.Memória\GeradorDeTestes.Infra.Memória.csproj", "{8DF4FBD9-09E1-4C46-A12A-942239B2E033}"
EndProject
Global
	GlobalSection(SolutionConfigurationPlatforms) = preSolution
		Debug|Any CPU = Debug|Any CPU
		Release|Any CPU = Release|Any CPU
	EndGlobalSection
	GlobalSection(ProjectConfigurationPlatforms) = postSolution
		{D470B29C-0E8A-4855-B304-1A3F71F6ECDF}.Debug|Any CPU.ActiveCfg = Debug|Any CPU
		{D470B29C-0E8A-4855-B304-1A3F71F6ECDF}.Debug|Any CPU.Build.0 = Debug|Any CPU
		{D470B29C-0E8A-4855-B304-1A3F71F6ECDF}.Release|Any CPU.ActiveCfg = Release|Any CPU
		{D470B29C-0E8A-4855-B304-1A3F71F6ECDF}.Release|Any CPU.Build.0 = Release|Any CPU
		{7B914FEA-034F-4BA2-92A5-B9D769EE3368}.Debug|Any CPU.ActiveCfg = Debug|Any CPU
		{7B914FEA-034F-4BA2-92A5-B9D769EE3368}.Debug|Any CPU.Build.0 = Debug|Any CPU
		{7B914FEA-034F-4BA2-92A5-B9D769EE3368}.Release|Any CPU.ActiveCfg = Release|Any CPU
		{7B914FEA-034F-4BA2-92A5-B9D769EE3368}.Release|Any CPU.Build.0 = Release|Any CPU
		{69C27FA8-9072-4151-98F5-19A4867A0DAC}.Debug|Any CPU.ActiveCfg = Debug|Any CPU
		{69C27FA8-9072-4151-98F5-19A4867A0DAC}.Debug|Any CPU.Build.0 = Debug|Any CPU
		{69C27FA8-9072-4151-98F5-19A4867A0DAC}.Release|Any CPU.ActiveCfg = Release|Any CPU
		{69C27FA8-9072-4151-98F5-19A4867A0DAC}.Release|Any CPU.Build.0 = Release|Any CPU
		{3F8E19C1-1953-4E3B-BF33-57E9102FB879}.Debug|Any CPU.ActiveCfg = Debug|Any CPU
		{3F8E19C1-1953-4E3B-BF33-57E9102FB879}.Debug|Any CPU.Build.0 = Debug|Any CPU
		{3F8E19C1-1953-4E3B-BF33-57E9102FB879}.Release|Any CPU.ActiveCfg = Release|Any CPU
		{3F8E19C1-1953-4E3B-BF33-57E9102FB879}.Release|Any CPU.Build.0 = Release|Any CPU
		{8DF4FBD9-09E1-4C46-A12A-942239B2E033}.Debug|Any CPU.ActiveCfg = Debug|Any CPU
		{8DF4FBD9-09E1-4C46-A12A-942239B2E033}.Debug|Any CPU.Build.0 = Debug|Any CPU
		{8DF4FBD9-09E1-4C46-A12A-942239B2E033}.Release|Any CPU.ActiveCfg = Release|Any CPU
		{8DF4FBD9-09E1-4C46-A12A-942239B2E033}.Release|Any CPU.Build.0 = Release|Any CPU
	EndGlobalSection
	GlobalSection(SolutionProperties) = preSolution
		HideSolutionNode = FALSE
	EndGlobalSection
	GlobalSection(NestedProjects) = preSolution
		{D470B29C-0E8A-4855-B304-1A3F71F6ECDF} = {36FF25E5-02D3-46A3-BD80-1DA365727664}
		{7B914FEA-034F-4BA2-92A5-B9D769EE3368} = {35C000C4-7451-4642-A638-02F4B67BCDEA}
		{C91D9840-E04A-48EA-B061-78949F2A841C} = {07F9F48A-788C-4B40-9EE0-82D6538C6C68}
		{474BE9B7-010D-4163-9714-6E60D33612CE} = {07F9F48A-788C-4B40-9EE0-82D6538C6C68}
		{5915912F-5724-4334-A913-59ED8E6B0335} = {07F9F48A-788C-4B40-9EE0-82D6538C6C68}
		{69C27FA8-9072-4151-98F5-19A4867A0DAC} = {C91D9840-E04A-48EA-B061-78949F2A841C}
		{3F8E19C1-1953-4E3B-BF33-57E9102FB879} = {474BE9B7-010D-4163-9714-6E60D33612CE}
		{8DF4FBD9-09E1-4C46-A12A-942239B2E033} = {5915912F-5724-4334-A913-59ED8E6B0335}
	EndGlobalSection
	GlobalSection(ExtensibilityGlobals) = postSolution
		SolutionGuid = {E9B0DDC0-E06F-4650-83CB-A3408C88688B}
	EndGlobalSection
EndGlobal
